
Microsoft Visual Studio Solution File, Format Version 12.00
# Visual Studio Version 17
VisualStudioVersion = 17.14.36414.22 d17.14
MinimumVisualStudioVersion = 10.0.40219.1
Project("{8BC9CEB8-8B4A-11D0-8D11-00A0C91BC942}") = "hensuu02", "hensuu02\hensuu02.vcxproj", "{19EF49B5-DDD2-44E2-9C8F-14B50CB032A6}"
EndProject
Global
	GlobalSection(SolutionConfigurationPlatforms) = preSolution
		Debug|x64 = Debug|x64
		Debug|x86 = Debug|x86
		Release|x64 = Release|x64
		Release|x86 = Release|x86
	EndGlobalSection
	GlobalSection(ProjectConfigurationPlatforms) = postSolution
		{19EF49B5-DDD2-44E2-9C8F-14B50CB032A6}.Debug|x64.ActiveCfg = Debug|x64
		{19EF49B5-DDD2-44E2-9C8F-14B50CB032A6}.Debug|x64.Build.0 = Debug|x64
		{19EF49B5-DDD2-44E2-9C8F-14B50CB032A6}.Debug|x86.ActiveCfg = Debug|Win32
		{19EF49B5-DDD2-44E2-9C8F-14B50CB032A6}.Debug|x86.Build.0 = Debug|Win32
		{19EF49B5-DDD2-44E2-9C8F-14B50CB032A6}.Release|x64.ActiveCfg = Release|x64
		{19EF49B5-DDD2-44E2-9C8F-14B50CB032A6}.Release|x64.Build.0 = Release|x64
		{19EF49B5-DDD2-44E2-9C8F-14B50CB032A6}.Release|x86.ActiveCfg = Release|Win32
		{19EF49B5-DDD2-44E2-9C8F-14B50CB032A6}.Release|x86.Build.0 = Release|Win32
	EndGlobalSection
	GlobalSection(SolutionProperties) = preSolution
		HideSolutionNode = FALSE
	EndGlobalSection
	GlobalSection(ExtensibilityGlobals) = postSolution
		SolutionGuid = {3B478A02-33B4-467E-BE5F-83818F418AAB}
	EndGlobalSection
EndGlobal
