
Microsoft Visual Studio Solution File, Format Version 12.00
# Visual Studio Version 17
VisualStudioVersion = 17.14.36414.22 d17.14
MinimumVisualStudioVersion = 10.0.40219.1
Project("{8BC9CEB8-8B4A-11D0-8D11-00A0C91BC942}") = "hairetu", "hairetu.vcxproj", "{ACE7A6C4-6A28-49BE-BEF5-50DB87D243B9}"
EndProject
Global
	GlobalSection(SolutionConfigurationPlatforms) = preSolution
		Debug|x64 = Debug|x64
		Debug|x86 = Debug|x86
		Release|x64 = Release|x64
		Release|x86 = Release|x86
	EndGlobalSection
	GlobalSection(ProjectConfigurationPlatforms) = postSolution
		{ACE7A6C4-6A28-49BE-BEF5-50DB87D243B9}.Debug|x64.ActiveCfg = Debug|x64
		{ACE7A6C4-6A28-49BE-BEF5-50DB87D243B9}.Debug|x64.Build.0 = Debug|x64
		{ACE7A6C4-6A28-49BE-BEF5-50DB87D243B9}.Debug|x86.ActiveCfg = Debug|Win32
		{ACE7A6C4-6A28-49BE-BEF5-50DB87D243B9}.Debug|x86.Build.0 = Debug|Win32
		{ACE7A6C4-6A28-49BE-BEF5-50DB87D243B9}.Release|x64.ActiveCfg = Release|x64
		{ACE7A6C4-6A28-49BE-BEF5-50DB87D243B9}.Release|x64.Build.0 = Release|x64
		{ACE7A6C4-6A28-49BE-BEF5-50DB87D243B9}.Release|x86.ActiveCfg = Release|Win32
		{ACE7A6C4-6A28-49BE-BEF5-50DB87D243B9}.Release|x86.Build.0 = Release|Win32
	EndGlobalSection
	GlobalSection(SolutionProperties) = preSolution
		HideSolutionNode = FALSE
	EndGlobalSection
	GlobalSection(ExtensibilityGlobals) = postSolution
		SolutionGuid = {8D514069-AB6A-4A5F-8C90-5D375E84CB50}
	EndGlobalSection
EndGlobal
